
Microsoft Visual Studio Solution File, Format Version 12.00
# Visual Studio Version 16
VisualStudioVersion = 16.0.29324.140
MinimumVisualStudioVersion = 10.0.40219.1
Project("{9A19103F-16F7-4668-BE54-9A1E7A4F7556}") = "DEBO.API", "UI\DEBO.API\DEBO.API.csproj", "{5AF0F3E5-560A-4EAC-9C01-4B2080974B3C}"
EndProject
Project("{2150E333-8FDC-42A3-9474-1A3956D46DE8}") = "Application Core", "Application Core", "{F0F9E637-A910-4D33-BB73-617BABCF6377}"
EndProject
Project("{2150E333-8FDC-42A3-9474-1A3956D46DE8}") = "Infrastructure", "Infrastructure", "{A80054A9-7466-4344-8C09-86DF45AFFE0E}"
EndProject
Project("{2150E333-8FDC-42A3-9474-1A3956D46DE8}") = "UI", "UI", "{28CAB045-CAEE-4429-A4D5-7EC224613559}"
EndProject
Project("{9A19103F-16F7-4668-BE54-9A1E7A4F7556}") = "DEBO.Infrastructure.Data", "Infrastructure\DEBO.Infrastructure.Data\DEBO.Infrastructure.Data.csproj", "{5E61BAB2-82DE-4527-9556-F47705BF4FB7}"
EndProject
Project("{9A19103F-16F7-4668-BE54-9A1E7A4F7556}") = "DEBO.Infrastructure.Libraries", "Infrastructure\DEBO.Infrastructure.Libraries\DEBO.Infrastructure.Libraries.csproj", "{C99562CA-6878-4D1A-9A8D-8EC6DB1C8C7E}"
EndProject
Project("{9A19103F-16F7-4668-BE54-9A1E7A4F7556}") = "DEBO.Core", "Application Core\DEBO.Core\DEBO.Core.csproj", "{2152E58E-8998-4D64-9077-A50176FD148B}"
EndProject
Project("{9A19103F-16F7-4668-BE54-9A1E7A4F7556}") = "DEBO.Core.Entity", "Application Core\DEBO.Core.Entity\DEBO.Core.Entity.csproj", "{D28A00E5-C539-47CF-B718-6A2B91F698A7}"
EndProject
Global
	GlobalSection(SolutionConfigurationPlatforms) = preSolution
		Debug|Any CPU = Debug|Any CPU
		Release|Any CPU = Release|Any CPU
	EndGlobalSection
	GlobalSection(ProjectConfigurationPlatforms) = postSolution
		{5AF0F3E5-560A-4EAC-9C01-4B2080974B3C}.Debug|Any CPU.ActiveCfg = Debug|Any CPU
		{5AF0F3E5-560A-4EAC-9C01-4B2080974B3C}.Debug|Any CPU.Build.0 = Debug|Any CPU
		{5AF0F3E5-560A-4EAC-9C01-4B2080974B3C}.Release|Any CPU.ActiveCfg = Release|Any CPU
		{5AF0F3E5-560A-4EAC-9C01-4B2080974B3C}.Release|Any CPU.Build.0 = Release|Any CPU
		{5E61BAB2-82DE-4527-9556-F47705BF4FB7}.Debug|Any CPU.ActiveCfg = Debug|Any CPU
		{5E61BAB2-82DE-4527-9556-F47705BF4FB7}.Debug|Any CPU.Build.0 = Debug|Any CPU
		{5E61BAB2-82DE-4527-9556-F47705BF4FB7}.Release|Any CPU.ActiveCfg = Release|Any CPU
		{5E61BAB2-82DE-4527-9556-F47705BF4FB7}.Release|Any CPU.Build.0 = Release|Any CPU
		{C99562CA-6878-4D1A-9A8D-8EC6DB1C8C7E}.Debug|Any CPU.ActiveCfg = Debug|Any CPU
		{C99562CA-6878-4D1A-9A8D-8EC6DB1C8C7E}.Debug|Any CPU.Build.0 = Debug|Any CPU
		{C99562CA-6878-4D1A-9A8D-8EC6DB1C8C7E}.Release|Any CPU.ActiveCfg = Release|Any CPU
		{C99562CA-6878-4D1A-9A8D-8EC6DB1C8C7E}.Release|Any CPU.Build.0 = Release|Any CPU
		{2152E58E-8998-4D64-9077-A50176FD148B}.Debug|Any CPU.ActiveCfg = Debug|Any CPU
		{2152E58E-8998-4D64-9077-A50176FD148B}.Debug|Any CPU.Build.0 = Debug|Any CPU
		{2152E58E-8998-4D64-9077-A50176FD148B}.Release|Any CPU.ActiveCfg = Release|Any CPU
		{2152E58E-8998-4D64-9077-A50176FD148B}.Release|Any CPU.Build.0 = Release|Any CPU
		{D28A00E5-C539-47CF-B718-6A2B91F698A7}.Debug|Any CPU.ActiveCfg = Debug|Any CPU
		{D28A00E5-C539-47CF-B718-6A2B91F698A7}.Debug|Any CPU.Build.0 = Debug|Any CPU
		{D28A00E5-C539-47CF-B718-6A2B91F698A7}.Release|Any CPU.ActiveCfg = Release|Any CPU
		{D28A00E5-C539-47CF-B718-6A2B91F698A7}.Release|Any CPU.Build.0 = Release|Any CPU
	EndGlobalSection
	GlobalSection(SolutionProperties) = preSolution
		HideSolutionNode = FALSE
	EndGlobalSection
	GlobalSection(NestedProjects) = preSolution
		{5AF0F3E5-560A-4EAC-9C01-4B2080974B3C} = {28CAB045-CAEE-4429-A4D5-7EC224613559}
		{5E61BAB2-82DE-4527-9556-F47705BF4FB7} = {A80054A9-7466-4344-8C09-86DF45AFFE0E}
		{C99562CA-6878-4D1A-9A8D-8EC6DB1C8C7E} = {A80054A9-7466-4344-8C09-86DF45AFFE0E}
		{2152E58E-8998-4D64-9077-A50176FD148B} = {F0F9E637-A910-4D33-BB73-617BABCF6377}
		{D28A00E5-C539-47CF-B718-6A2B91F698A7} = {F0F9E637-A910-4D33-BB73-617BABCF6377}
	EndGlobalSection
	GlobalSection(ExtensibilityGlobals) = postSolution
		SolutionGuid = {A17599E3-5F81-440B-BD4C-EF389411E7FD}
	EndGlobalSection
EndGlobal
